
Microsoft Visual Studio Solution File, Format Version 12.00
# Visual Studio 2013
VisualStudioVersion = 12.0.30501.0
MinimumVisualStudioVersion = 10.0.40219.1
Project("{2150E333-8FDC-42A3-9474-1A3956D46DE8}") = "Cabinet", "Cabinet", "{524E9B3B-2AE1-4573-B948-4C1D6B9393DF}"
EndProject
Project("{2150E333-8FDC-42A3-9474-1A3956D46DE8}") = "UnitTest", "UnitTest", "{87E38840-7939-48E6-9CED-9BC311265A78}"
EndProject
Project("{2150E333-8FDC-42A3-9474-1A3956D46DE8}") = "Brigde", "Brigde", "{E6810F70-B1A1-4BAC-9D7F-9DE242CB823B}"
EndProject
Project("{2150E333-8FDC-42A3-9474-1A3956D46DE8}") = "Demo", "Demo", "{045AF529-78FE-4854-9339-F2B03BD4FB42}"
EndProject
Project("{2150E333-8FDC-42A3-9474-1A3956D46DE8}") = "Framework", "Framework", "{0FD9225F-639D-444C-9D01-842B9BB627A4}"
EndProject
Project("{2150E333-8FDC-42A3-9474-1A3956D46DE8}") = "Launcher", "Launcher", "{B38AC270-1515-4262-83E3-42D161FB42F6}"
EndProject
Project("{FAE04EC0-301F-11D3-BF4B-00C04F79EFBC}") = "Console", "Cabinet\Launcher\Console\Console.csproj", "{2348E4C0-1E4B-4346-8D71-BEB9128EDA6C}"
EndProject
Project("{FAE04EC0-301F-11D3-BF4B-00C04F79EFBC}") = "Utility", "Cabinet\Utility\Utility.csproj", "{A532A29F-9292-4D18-BB95-96A6AF2643A7}"
EndProject
Project("{FAE04EC0-301F-11D3-BF4B-00C04F79EFBC}") = "CommonEntity", "Cabinet\Framework\CommonEntity\CommonEntity.csproj", "{C4F6B129-A8F4-4178-A270-21CA79C4636C}"
EndProject
Project("{FAE04EC0-301F-11D3-BF4B-00C04F79EFBC}") = "PersistenceLayer", "Cabinet\Framework\PersistenceLayer\PersistenceLayer.csproj", "{9F64D17B-4DC7-426A-8A96-B6D9B591FA17}"
EndProject
Project("{FAE04EC0-301F-11D3-BF4B-00C04F79EFBC}") = "UT_CommonEntity", "Cabinet.Test\UT_CommonEntity\UT_CommonEntity.csproj", "{FE6BB157-C332-45FA-93A0-163053106436}"
	ProjectSection(ProjectDependencies) = postProject
		{541545EB-A200-42D7-AC29-909A7A4C226F} = {541545EB-A200-42D7-AC29-909A7A4C226F}
	EndProjectSection
EndProject
Project("{FAE04EC0-301F-11D3-BF4B-00C04F79EFBC}") = "UT_PersistenceLayer", "Cabinet.Test\UT_PersistenceLayer\UT_PersistenceLayer.csproj", "{152AC090-3952-4758-BEA9-9478F222CAF7}"
EndProject
Project("{FAE04EC0-301F-11D3-BF4B-00C04F79EFBC}") = "BusinessLayer", "Cabinet\Framework\BusinessLayer\BusinessLayer.csproj", "{5600499E-FBF1-409E-B01B-AFF8121D6769}"
EndProject
Project("{FAE04EC0-301F-11D3-BF4B-00C04F79EFBC}") = "UT_BusinessLayer", "Cabinet.Test\UT_BusinessLayer\UT_BusinessLayer.csproj", "{EBE6C2C9-80F4-461C-8D95-A19349942A6E}"
EndProject
Project("{FAE04EC0-301F-11D3-BF4B-00C04F79EFBC}") = "TestUtility", "Cabinet.Test\TestUtility\TestUtility.csproj", "{B4CAE167-5877-43F6-849B-A48676B4DEF0}"
EndProject
Project("{FAE04EC0-301F-11D3-BF4B-00C04F79EFBC}") = "Demo_BusinessManager", "Cabinet.Demo\Demo_BusinessManager\Demo_BusinessManager.csproj", "{DDE29FCB-D71B-4804-9B70-6F1D5B11FDFE}"
EndProject
Project("{FAE04EC0-301F-11D3-BF4B-00C04F79EFBC}") = "Axis", "Cabinet\Axis\Axis.csproj", "{59A8E4E1-FD18-48E6-AB19-73F24EC92F1E}"
EndProject
Project("{FAE04EC0-301F-11D3-BF4B-00C04F79EFBC}") = "Demo_Axis", "Cabinet.Demo\Demo_Axis\Demo_Axis.csproj", "{E5989179-D802-4E32-9F09-5192133B5CF2}"
EndProject
Project("{FAE04EC0-301F-11D3-BF4B-00C04F79EFBC}") = "WcfService", "Cabinet\Bridge\WcfService\WcfService.csproj", "{B967ECC6-5D34-4F0A-94B6-AA77D59E5028}"
EndProject
Project("{FAE04EC0-301F-11D3-BF4B-00C04F79EFBC}") = "Ipc", "Cabinet\Bridge\Ipc\Ipc.csproj", "{FB802AF3-1319-4748-A385-DFBCF8387AF1}"
EndProject
Project("{FAE04EC0-301F-11D3-BF4B-00C04F79EFBC}") = "Tcp", "Cabinet\Bridge\Tcp\Tcp.csproj", "{541545EB-A200-42D7-AC29-909A7A4C226F}"
EndProject
Project("{FAE04EC0-301F-11D3-BF4B-00C04F79EFBC}") = "EqptRoomComm", "Cabinet\Bridge\EqptRoomComm\EqptRoomComm.csproj", "{007A5933-1E81-4F39-A19C-50EB84507197}"
EndProject
Project("{FAE04EC0-301F-11D3-BF4B-00C04F79EFBC}") = "UT_EqptRoomComm", "Cabinet.Test\UT_EqptRoomComm\UT_EqptRoomComm.csproj", "{CAA78835-58AA-4279-BEE1-1A3F26E4DF64}"
EndProject
Project("{FAE04EC0-301F-11D3-BF4B-00C04F79EFBC}") = "Demo_ServerConsole", "Cabinet.Demo\Demo_ServerConsole\Demo_ServerConsole.csproj", "{6B282090-1791-491D-A7D1-839A8D18DB1A}"
EndProject
Project("{FAE04EC0-301F-11D3-BF4B-00C04F79EFBC}") = "Demo_ClientConsole", "Cabinet.Demo\Demo_ClientConsole\Demo_ClientConsole.csproj", "{75250846-3D45-4370-B433-7F16487BDED7}"
EndProject
Project("{FAE04EC0-301F-11D3-BF4B-00C04F79EFBC}") = "Demo_WebserviceTest", "Cabinet.Demo\Demo_WebserviceTest\Demo_WebserviceTest.csproj", "{463104A4-BB1C-42F3-B854-1509D4D5A2CF}"
EndProject
Project("{FAE04EC0-301F-11D3-BF4B-00C04F79EFBC}") = "CommonModuleEntry", "CommonModuleEntry\CommonModuleEntry.csproj", "{1AD78548-B704-4089-810E-CA3AD054655B}"
EndProject
Global
	GlobalSection(SolutionConfigurationPlatforms) = preSolution
		Debug|Any CPU = Debug|Any CPU
		Release|Any CPU = Release|Any CPU
	EndGlobalSection
	GlobalSection(ProjectConfigurationPlatforms) = postSolution
		{2348E4C0-1E4B-4346-8D71-BEB9128EDA6C}.Debug|Any CPU.ActiveCfg = Debug|Any CPU
		{2348E4C0-1E4B-4346-8D71-BEB9128EDA6C}.Debug|Any CPU.Build.0 = Debug|Any CPU
		{2348E4C0-1E4B-4346-8D71-BEB9128EDA6C}.Release|Any CPU.ActiveCfg = Release|Any CPU
		{2348E4C0-1E4B-4346-8D71-BEB9128EDA6C}.Release|Any CPU.Build.0 = Release|Any CPU
		{A532A29F-9292-4D18-BB95-96A6AF2643A7}.Debug|Any CPU.ActiveCfg = Debug|Any CPU
		{A532A29F-9292-4D18-BB95-96A6AF2643A7}.Debug|Any CPU.Build.0 = Debug|Any CPU
		{A532A29F-9292-4D18-BB95-96A6AF2643A7}.Release|Any CPU.ActiveCfg = Release|Any CPU
		{A532A29F-9292-4D18-BB95-96A6AF2643A7}.Release|Any CPU.Build.0 = Release|Any CPU
		{C4F6B129-A8F4-4178-A270-21CA79C4636C}.Debug|Any CPU.ActiveCfg = Debug|Any CPU
		{C4F6B129-A8F4-4178-A270-21CA79C4636C}.Debug|Any CPU.Build.0 = Debug|Any CPU
		{C4F6B129-A8F4-4178-A270-21CA79C4636C}.Release|Any CPU.ActiveCfg = Release|Any CPU
		{C4F6B129-A8F4-4178-A270-21CA79C4636C}.Release|Any CPU.Build.0 = Release|Any CPU
		{9F64D17B-4DC7-426A-8A96-B6D9B591FA17}.Debug|Any CPU.ActiveCfg = Debug|Any CPU
		{9F64D17B-4DC7-426A-8A96-B6D9B591FA17}.Debug|Any CPU.Build.0 = Debug|Any CPU
		{9F64D17B-4DC7-426A-8A96-B6D9B591FA17}.Release|Any CPU.ActiveCfg = Release|Any CPU
		{9F64D17B-4DC7-426A-8A96-B6D9B591FA17}.Release|Any CPU.Build.0 = Release|Any CPU
		{FE6BB157-C332-45FA-93A0-163053106436}.Debug|Any CPU.ActiveCfg = Debug|Any CPU
		{FE6BB157-C332-45FA-93A0-163053106436}.Debug|Any CPU.Build.0 = Debug|Any CPU
		{FE6BB157-C332-45FA-93A0-163053106436}.Release|Any CPU.ActiveCfg = Release|Any CPU
		{FE6BB157-C332-45FA-93A0-163053106436}.Release|Any CPU.Build.0 = Release|Any CPU
		{152AC090-3952-4758-BEA9-9478F222CAF7}.Debug|Any CPU.ActiveCfg = Debug|Any CPU
		{152AC090-3952-4758-BEA9-9478F222CAF7}.Debug|Any CPU.Build.0 = Debug|Any CPU
		{152AC090-3952-4758-BEA9-9478F222CAF7}.Release|Any CPU.ActiveCfg = Release|Any CPU
		{152AC090-3952-4758-BEA9-9478F222CAF7}.Release|Any CPU.Build.0 = Release|Any CPU
		{5600499E-FBF1-409E-B01B-AFF8121D6769}.Debug|Any CPU.ActiveCfg = Debug|Any CPU
		{5600499E-FBF1-409E-B01B-AFF8121D6769}.Debug|Any CPU.Build.0 = Debug|Any CPU
		{5600499E-FBF1-409E-B01B-AFF8121D6769}.Release|Any CPU.ActiveCfg = Release|Any CPU
		{5600499E-FBF1-409E-B01B-AFF8121D6769}.Release|Any CPU.Build.0 = Release|Any CPU
		{EBE6C2C9-80F4-461C-8D95-A19349942A6E}.Debug|Any CPU.ActiveCfg = Debug|Any CPU
		{EBE6C2C9-80F4-461C-8D95-A19349942A6E}.Debug|Any CPU.Build.0 = Debug|Any CPU
		{EBE6C2C9-80F4-461C-8D95-A19349942A6E}.Release|Any CPU.ActiveCfg = Release|Any CPU
		{EBE6C2C9-80F4-461C-8D95-A19349942A6E}.Release|Any CPU.Build.0 = Release|Any CPU
		{B4CAE167-5877-43F6-849B-A48676B4DEF0}.Debug|Any CPU.ActiveCfg = Debug|Any CPU
		{B4CAE167-5877-43F6-849B-A48676B4DEF0}.Debug|Any CPU.Build.0 = Debug|Any CPU
		{B4CAE167-5877-43F6-849B-A48676B4DEF0}.Release|Any CPU.ActiveCfg = Release|Any CPU
		{B4CAE167-5877-43F6-849B-A48676B4DEF0}.Release|Any CPU.Build.0 = Release|Any CPU
		{DDE29FCB-D71B-4804-9B70-6F1D5B11FDFE}.Debug|Any CPU.ActiveCfg = Debug|Any CPU
		{DDE29FCB-D71B-4804-9B70-6F1D5B11FDFE}.Debug|Any CPU.Build.0 = Debug|Any CPU
		{DDE29FCB-D71B-4804-9B70-6F1D5B11FDFE}.Release|Any CPU.ActiveCfg = Release|Any CPU
		{DDE29FCB-D71B-4804-9B70-6F1D5B11FDFE}.Release|Any CPU.Build.0 = Release|Any CPU
		{59A8E4E1-FD18-48E6-AB19-73F24EC92F1E}.Debug|Any CPU.ActiveCfg = Debug|Any CPU
		{59A8E4E1-FD18-48E6-AB19-73F24EC92F1E}.Debug|Any CPU.Build.0 = Debug|Any CPU
		{59A8E4E1-FD18-48E6-AB19-73F24EC92F1E}.Release|Any CPU.ActiveCfg = Release|Any CPU
		{59A8E4E1-FD18-48E6-AB19-73F24EC92F1E}.Release|Any CPU.Build.0 = Release|Any CPU
		{E5989179-D802-4E32-9F09-5192133B5CF2}.Debug|Any CPU.ActiveCfg = Debug|Any CPU
		{E5989179-D802-4E32-9F09-5192133B5CF2}.Debug|Any CPU.Build.0 = Debug|Any CPU
		{E5989179-D802-4E32-9F09-5192133B5CF2}.Release|Any CPU.ActiveCfg = Release|Any CPU
		{E5989179-D802-4E32-9F09-5192133B5CF2}.Release|Any CPU.Build.0 = Release|Any CPU
		{B967ECC6-5D34-4F0A-94B6-AA77D59E5028}.Debug|Any CPU.ActiveCfg = Debug|Any CPU
		{B967ECC6-5D34-4F0A-94B6-AA77D59E5028}.Debug|Any CPU.Build.0 = Debug|Any CPU
		{B967ECC6-5D34-4F0A-94B6-AA77D59E5028}.Release|Any CPU.ActiveCfg = Release|Any CPU
		{B967ECC6-5D34-4F0A-94B6-AA77D59E5028}.Release|Any CPU.Build.0 = Release|Any CPU
		{FB802AF3-1319-4748-A385-DFBCF8387AF1}.Debug|Any CPU.ActiveCfg = Debug|Any CPU
		{FB802AF3-1319-4748-A385-DFBCF8387AF1}.Debug|Any CPU.Build.0 = Debug|Any CPU
		{FB802AF3-1319-4748-A385-DFBCF8387AF1}.Release|Any CPU.ActiveCfg = Release|Any CPU
		{FB802AF3-1319-4748-A385-DFBCF8387AF1}.Release|Any CPU.Build.0 = Release|Any CPU
		{541545EB-A200-42D7-AC29-909A7A4C226F}.Debug|Any CPU.ActiveCfg = Debug|Any CPU
		{541545EB-A200-42D7-AC29-909A7A4C226F}.Debug|Any CPU.Build.0 = Debug|Any CPU
		{541545EB-A200-42D7-AC29-909A7A4C226F}.Release|Any CPU.ActiveCfg = Release|Any CPU
		{541545EB-A200-42D7-AC29-909A7A4C226F}.Release|Any CPU.Build.0 = Release|Any CPU
		{007A5933-1E81-4F39-A19C-50EB84507197}.Debug|Any CPU.ActiveCfg = Debug|Any CPU
		{007A5933-1E81-4F39-A19C-50EB84507197}.Debug|Any CPU.Build.0 = Debug|Any CPU
		{007A5933-1E81-4F39-A19C-50EB84507197}.Release|Any CPU.ActiveCfg = Release|Any CPU
		{007A5933-1E81-4F39-A19C-50EB84507197}.Release|Any CPU.Build.0 = Release|Any CPU
		{CAA78835-58AA-4279-BEE1-1A3F26E4DF64}.Debug|Any CPU.ActiveCfg = Debug|Any CPU
		{CAA78835-58AA-4279-BEE1-1A3F26E4DF64}.Debug|Any CPU.Build.0 = Debug|Any CPU
		{CAA78835-58AA-4279-BEE1-1A3F26E4DF64}.Release|Any CPU.ActiveCfg = Release|Any CPU
		{CAA78835-58AA-4279-BEE1-1A3F26E4DF64}.Release|Any CPU.Build.0 = Release|Any CPU
		{6B282090-1791-491D-A7D1-839A8D18DB1A}.Debug|Any CPU.ActiveCfg = Debug|Any CPU
		{6B282090-1791-491D-A7D1-839A8D18DB1A}.Debug|Any CPU.Build.0 = Debug|Any CPU
		{6B282090-1791-491D-A7D1-839A8D18DB1A}.Release|Any CPU.ActiveCfg = Release|Any CPU
		{6B282090-1791-491D-A7D1-839A8D18DB1A}.Release|Any CPU.Build.0 = Release|Any CPU
		{75250846-3D45-4370-B433-7F16487BDED7}.Debug|Any CPU.ActiveCfg = Debug|Any CPU
		{75250846-3D45-4370-B433-7F16487BDED7}.Debug|Any CPU.Build.0 = Debug|Any CPU
		{75250846-3D45-4370-B433-7F16487BDED7}.Release|Any CPU.ActiveCfg = Release|Any CPU
		{75250846-3D45-4370-B433-7F16487BDED7}.Release|Any CPU.Build.0 = Release|Any CPU
		{463104A4-BB1C-42F3-B854-1509D4D5A2CF}.Debug|Any CPU.ActiveCfg = Debug|Any CPU
		{463104A4-BB1C-42F3-B854-1509D4D5A2CF}.Debug|Any CPU.Build.0 = Debug|Any CPU
		{463104A4-BB1C-42F3-B854-1509D4D5A2CF}.Release|Any CPU.ActiveCfg = Release|Any CPU
		{463104A4-BB1C-42F3-B854-1509D4D5A2CF}.Release|Any CPU.Build.0 = Release|Any CPU
		{1AD78548-B704-4089-810E-CA3AD054655B}.Debug|Any CPU.ActiveCfg = Debug|Any CPU
		{1AD78548-B704-4089-810E-CA3AD054655B}.Debug|Any CPU.Build.0 = Debug|Any CPU
		{1AD78548-B704-4089-810E-CA3AD054655B}.Release|Any CPU.ActiveCfg = Release|Any CPU
		{1AD78548-B704-4089-810E-CA3AD054655B}.Release|Any CPU.Build.0 = Release|Any CPU
	EndGlobalSection
	GlobalSection(SolutionProperties) = preSolution
		HideSolutionNode = FALSE
	EndGlobalSection
	GlobalSection(NestedProjects) = preSolution
		{E6810F70-B1A1-4BAC-9D7F-9DE242CB823B} = {524E9B3B-2AE1-4573-B948-4C1D6B9393DF}
		{0FD9225F-639D-444C-9D01-842B9BB627A4} = {524E9B3B-2AE1-4573-B948-4C1D6B9393DF}
		{B38AC270-1515-4262-83E3-42D161FB42F6} = {524E9B3B-2AE1-4573-B948-4C1D6B9393DF}
		{2348E4C0-1E4B-4346-8D71-BEB9128EDA6C} = {B38AC270-1515-4262-83E3-42D161FB42F6}
		{A532A29F-9292-4D18-BB95-96A6AF2643A7} = {524E9B3B-2AE1-4573-B948-4C1D6B9393DF}
		{C4F6B129-A8F4-4178-A270-21CA79C4636C} = {0FD9225F-639D-444C-9D01-842B9BB627A4}
		{9F64D17B-4DC7-426A-8A96-B6D9B591FA17} = {0FD9225F-639D-444C-9D01-842B9BB627A4}
		{FE6BB157-C332-45FA-93A0-163053106436} = {87E38840-7939-48E6-9CED-9BC311265A78}
		{152AC090-3952-4758-BEA9-9478F222CAF7} = {87E38840-7939-48E6-9CED-9BC311265A78}
		{5600499E-FBF1-409E-B01B-AFF8121D6769} = {0FD9225F-639D-444C-9D01-842B9BB627A4}
		{EBE6C2C9-80F4-461C-8D95-A19349942A6E} = {87E38840-7939-48E6-9CED-9BC311265A78}
		{B4CAE167-5877-43F6-849B-A48676B4DEF0} = {87E38840-7939-48E6-9CED-9BC311265A78}
		{DDE29FCB-D71B-4804-9B70-6F1D5B11FDFE} = {045AF529-78FE-4854-9339-F2B03BD4FB42}
		{59A8E4E1-FD18-48E6-AB19-73F24EC92F1E} = {524E9B3B-2AE1-4573-B948-4C1D6B9393DF}
		{E5989179-D802-4E32-9F09-5192133B5CF2} = {045AF529-78FE-4854-9339-F2B03BD4FB42}
		{B967ECC6-5D34-4F0A-94B6-AA77D59E5028} = {E6810F70-B1A1-4BAC-9D7F-9DE242CB823B}
		{FB802AF3-1319-4748-A385-DFBCF8387AF1} = {E6810F70-B1A1-4BAC-9D7F-9DE242CB823B}
		{541545EB-A200-42D7-AC29-909A7A4C226F} = {E6810F70-B1A1-4BAC-9D7F-9DE242CB823B}
		{007A5933-1E81-4F39-A19C-50EB84507197} = {E6810F70-B1A1-4BAC-9D7F-9DE242CB823B}
		{CAA78835-58AA-4279-BEE1-1A3F26E4DF64} = {87E38840-7939-48E6-9CED-9BC311265A78}
		{6B282090-1791-491D-A7D1-839A8D18DB1A} = {045AF529-78FE-4854-9339-F2B03BD4FB42}
		{75250846-3D45-4370-B433-7F16487BDED7} = {045AF529-78FE-4854-9339-F2B03BD4FB42}
		{463104A4-BB1C-42F3-B854-1509D4D5A2CF} = {045AF529-78FE-4854-9339-F2B03BD4FB42}
		{1AD78548-B704-4089-810E-CA3AD054655B} = {0FD9225F-639D-444C-9D01-842B9BB627A4}
	EndGlobalSection
EndGlobal
